
Microsoft Visual Studio Solution File, Format Version 12.00
# Visual Studio 2012
Project("{FAE04EC0-301F-11D3-BF4B-00C04F79EFBC}") = "unQuery", "src\unQuery\unQuery.csproj", "{D527620B-C076-4ADF-B73E-AF00771B2146}"
EndProject
Project("{FAE04EC0-301F-11D3-BF4B-00C04F79EFBC}") = "unQuery.Tests", "src\unQuery.Tests\unQuery.Tests.csproj", "{48FA9377-83EC-455E-BA73-11F54B058ADA}"
EndProject
Global
	GlobalSection(SolutionConfigurationPlatforms) = preSolution
		Debug|Any CPU = Debug|Any CPU
		Release|Any CPU = Release|Any CPU
	EndGlobalSection
	GlobalSection(ProjectConfigurationPlatforms) = postSolution
		{D527620B-C076-4ADF-B73E-AF00771B2146}.Debug|Any CPU.ActiveCfg = Debug|Any CPU
		{D527620B-C076-4ADF-B73E-AF00771B2146}.Debug|Any CPU.Build.0 = Debug|Any CPU
		{D527620B-C076-4ADF-B73E-AF00771B2146}.Release|Any CPU.ActiveCfg = Release|Any CPU
		{D527620B-C076-4ADF-B73E-AF00771B2146}.Release|Any CPU.Build.0 = Release|Any CPU
		{48FA9377-83EC-455E-BA73-11F54B058ADA}.Debug|Any CPU.ActiveCfg = Debug|Any CPU
		{48FA9377-83EC-455E-BA73-11F54B058ADA}.Debug|Any CPU.Build.0 = Debug|Any CPU
		{48FA9377-83EC-455E-BA73-11F54B058ADA}.Release|Any CPU.ActiveCfg = Release|Any CPU
		{48FA9377-83EC-455E-BA73-11F54B058ADA}.Release|Any CPU.Build.0 = Release|Any CPU
	EndGlobalSection
	GlobalSection(SolutionProperties) = preSolution
		HideSolutionNode = FALSE
	EndGlobalSection
EndGlobal
